lockfileVersion: 5.3

importers:

  .:
    specifiers:
      react: ^17.0.2
    dependencies:
      react: 17.0.2

  pkgs/sample:
    specifiers:
      '@pnpm/find-workspace-dir': ^3.0.0
      '@pnpm/make-dedicated-lockfile': ^0.2.5
    devDependencies:
      '@pnpm/find-workspace-dir': 3.0.0
      '@pnpm/make-dedicated-lockfile': 0.2.5

packages:

  /@babel/code-frame/7.12.13:
    resolution: {integrity: sha512-HV1Cm0Q3ZrpCR93tkWOYiuYIgLxZXZFVG2VgK+MBWjUqZTundupbfx2aXarXuw5Ko5aMcjtJgbSs4vUGBS5v6g==, tarball: https://nexus.core.cvent.org/nexus/repository/npm-public/@babel/code-frame/-/code-frame-7.12.13.tgz}
    dependencies:
      '@babel/highlight': 7.14.0
    dev: true

  /@babel/helper-validator-identifier/7.14.0:
    resolution: {integrity: sha512-V3ts7zMSu5lfiwWDVWzRDGIN+lnCEUdaXgtVHJgLb1rGaA6jMrtB9EmE7L18foXJIE8Un/A/h6NJfGQp/e1J4A==, tarball: https://nexus.core.cvent.org/nexus/repository/npm-public/@babel/helper-validator-identifier/-/helper-validator-identifier-7.14.0.tgz}
    dev: true

  /@babel/highlight/7.14.0:
    resolution: {integrity: sha512-YSCOwxvTYEIMSGaBQb5kDDsCopDdiUGsqpatp3fOlI4+2HQSkTmEVWnVuySdAC5EWCqSWWTv0ib63RjR7dTBdg==, tarball: https://nexus.core.cvent.org/nexus/repository/npm-public/@babel/highlight/-/highlight-7.14.0.tgz}
    dependencies:
      '@babel/helper-validator-identifier': 7.14.0
      chalk: 2.4.2
      js-tokens: 4.0.0
    dev: true

  /@pnpm/constants/5.0.0:
    resolution: {integrity: sha512-VhUGKR5jvAtoBHgHAB3Kfc9g42ocVUws9iOafGAQ+xjR8uLokUCReXDpLXRRtrqw8N8yyh3gLNpCJs/AYadA1g==, tarball: https://nexus.core.cvent.org/nexus/repository/npm-public/@pnpm/constants/-/constants-5.0.0.tgz}
    engines: {node: '>=12.17'}
    dev: true

  /@pnpm/error/2.0.0:
    resolution: {integrity: sha512-mgj4h0LWGpDPZwsEH75VFQhr2Njut3PcaCQatERIoO3zmKGqCsLfla9cWYH9+zn0fcwnKhnJ+FBzoiY2LhnCtw==, tarball: https://nexus.core.cvent.org/nexus/repository/npm-public/@pnpm/error/-/error-2.0.0.tgz}
    engines: {node: '>=12.17'}
    dev: true

  /@pnpm/exec/2.0.0:
    resolution: {integrity: sha512-b5ALfWEOFQprWKntN7MF8XWCyslBk2c8u20GEDcDDQOs6c0HyHlWxX5lig8riQKdS000U6YyS4L4b32NOleXAQ==, tarball: https://nexus.core.cvent.org/nexus/repository/npm-public/@pnpm/exec/-/exec-2.0.0.tgz}
    engines: {node: '>=10'}
    dependencies:
      '@pnpm/self-installer': 2.2.1
      command-exists: 1.2.9
      cross-spawn: 7.0.3
    dev: true

  /@pnpm/exportable-manifest/2.1.1:
    resolution: {integrity: sha512-ntO1JoRNzhIexaTrsqGKRlkjQHLo8R0yU4nDydzodfiZaNJ1m9grCFCumkLU1s2hrCJtlk21aCK3MOZBGu14Pw==, tarball: https://nexus.core.cvent.org/nexus/repository/npm-public/@pnpm/exportable-manifest/-/exportable-manifest-2.1.1.tgz}
    engines: {node: '>=12.17'}
    dependencies:
      '@pnpm/error': 2.0.0
      '@pnpm/read-project-manifest': 2.0.2
      '@pnpm/types': 7.1.0
      ramda: 0.27.1
    dev: true

  /@pnpm/find-workspace-dir/3.0.0:
    resolution: {integrity: sha512-o69uguVuFKGDYOCcnc4MuMH7zf6O+wM5gERdZdhxgDPXDfQVTQOhnvz0EPXWdwVAq6YxthkyUzbGm6eTHJcKZQ==, tarball: https://nexus.core.cvent.org/nexus/repository/npm-public/@pnpm/find-workspace-dir/-/find-workspace-dir-3.0.0.tgz}
    engines: {node: '>=12.17'}
    dependencies:
      '@pnpm/error': 2.0.0
      find-up: 5.0.0
    dev: true

  /@pnpm/graceful-fs/1.0.0:
    resolution: {integrity: sha512-bb+NcVgVBjm81skP73c0i4o2NUxiBt0d30KLXHJ05EejQ/qbxQMsi/gZxsi8MKbzCky2DzykQYkzm2tl3XajAQ==, tarball: https://nexus.core.cvent.org/nexus/repository/npm-public/@pnpm/graceful-fs/-/graceful-fs-1.0.0.tgz}
    engines: {node: '>=12.17'}
    dependencies:
      graceful-fs: 4.2.6
    dev: true

  /@pnpm/lockfile-file/4.0.1_@pnpm+logger@4.0.0:
    resolution: {integrity: sha512-C4FPKm6Nx0D6Jx4xWuUlggbJctTlTL4As4JH1EmxSLKQ/16AjMt4AOs6C8agh0LYnI16UpWrofDuKrSIj8/k3Q==, tarball: https://nexus.core.cvent.org/nexus/repository/npm-public/@pnpm/lockfile-file/-/lockfile-file-4.0.1.tgz}
    engines: {node: '>=12.17'}
    peerDependencies:
      '@pnpm/logger': ^4.0.0
    dependencies:
      '@pnpm/constants': 5.0.0
      '@pnpm/error': 2.0.0
      '@pnpm/lockfile-types': 3.0.0
      '@pnpm/logger': 4.0.0
      '@pnpm/merge-lockfile-changes': 2.0.0
      '@pnpm/types': 7.1.0
      '@zkochan/rimraf': 2.1.1
      comver-to-semver: 1.0.0
      js-yaml: /@zkochan/js-yaml/0.0.4
      normalize-path: 3.0.0
      ramda: 0.27.1
      semver: 7.3.5
      sort-keys: 4.2.0
      strip-bom: 4.0.0
      write-file-atomic: 3.0.3
    dev: true

  /@pnpm/lockfile-types/3.0.0:
    resolution: {integrity: sha512-8rIpyw3Wfp0zCAbvm5xmp+HDWlKkmGj6/BmxnqEO9pO8EtMOko86pH6nGY/FLj8B/4lHJAOxbHBTBoinI5PW9g==, tarball: https://nexus.core.cvent.org/nexus/repository/npm-public/@pnpm/lockfile-types/-/lockfile-types-3.0.0.tgz}
    engines: {node: '>=12.17'}
    dev: true

  /@pnpm/logger/4.0.0:
    resolution: {integrity: sha512-SIShw+k556e7S7tLZFVSIHjCdiVog1qWzcKW2RbLEHPItdisAFVNIe34kYd9fMSswTlSRLS/qRjw3ZblzWmJ9Q==, tarball: https://nexus.core.cvent.org/nexus/repository/npm-public/@pnpm/logger/-/logger-4.0.0.tgz}
    engines: {node: '>=12.17'}
    dependencies:
      bole: 4.0.0
      ndjson: 2.0.0
    dev: true

  /@pnpm/make-dedicated-lockfile/0.2.5:
    resolution: {integrity: sha512-5y2bhzgV8OsblE0agiGjX1cII9L5TcHFTME4hjp479vx0HItEUX7xL0rTrEz1krKRFokcMiNcWS9ZDk8JOmxqA==, tarball: https://nexus.core.cvent.org/nexus/repository/npm-public/@pnpm/make-dedicated-lockfile/-/make-dedicated-lockfile-0.2.5.tgz}
    engines: {node: '>=12.17'}
    hasBin: true
    dependencies:
      '@pnpm/error': 2.0.0
      '@pnpm/exec': 2.0.0
      '@pnpm/exportable-manifest': 2.1.1
      '@pnpm/find-workspace-dir': 3.0.0
      '@pnpm/lockfile-file': 4.0.1_@pnpm+logger@4.0.0
      '@pnpm/logger': 4.0.0
      '@pnpm/prune-lockfile': 3.0.3
      '@pnpm/read-project-manifest': 2.0.2
      '@pnpm/types': 7.1.0
      ramda: 0.27.1
      rename-overwrite: 4.0.0
    dev: true

  /@pnpm/merge-lockfile-changes/2.0.0:
    resolution: {integrity: sha512-yJkR52nCahv6R33BwzR1YvPOvb7JZ5VPNCue30R7wSnn/q4Lp7FvlLN3QdtnVw+kbsu2be+/LHUblY+v80vURQ==, tarball: https://nexus.core.cvent.org/nexus/repository/npm-public/@pnpm/merge-lockfile-changes/-/merge-lockfile-changes-2.0.0.tgz}
    engines: {node: '>=12.17'}
    dependencies:
      '@pnpm/lockfile-types': 3.0.0
      comver-to-semver: 1.0.0
      ramda: 0.27.1
      semver: 7.3.5
    dev: true

  /@pnpm/prune-lockfile/3.0.3:
    resolution: {integrity: sha512-noFVmgu202gWp0cWUSwZYETUrBoBpK/ys8O2pbKYfYKB1mhnBLLxmBYjZf6D9QGISERf4gDOwtOI/UdPSSXZxA==, tarball: https://nexus.core.cvent.org/nexus/repository/npm-public/@pnpm/prune-lockfile/-/prune-lockfile-3.0.3.tgz}
    engines: {node: '>=12.17'}
    dependencies:
      '@pnpm/constants': 5.0.0
      '@pnpm/lockfile-types': 3.0.0
      '@pnpm/types': 7.1.0
      dependency-path: 8.0.0
      ramda: 0.27.1
    dev: true

  /@pnpm/read-project-manifest/2.0.2:
    resolution: {integrity: sha512-kP9HMiMuKbMAAG6bl66UOQqomovhyF6AZZAWRkwEZCvaUQs/X1C/H2XQAhmYijqHb14OJUDok0pMNxnQzUYIqw==, tarball: https://nexus.core.cvent.org/nexus/repository/npm-public/@pnpm/read-project-manifest/-/read-project-manifest-2.0.2.tgz}
    engines: {node: '>=12.17'}
    dependencies:
      '@pnpm/error': 2.0.0
      '@pnpm/graceful-fs': 1.0.0
      '@pnpm/types': 7.1.0
      '@pnpm/write-project-manifest': 2.0.1
      detect-indent: 6.0.0
      fast-deep-equal: 3.1.3
      is-windows: 1.0.2
      json5: 2.2.0
      parse-json: 5.2.0
      read-yaml-file: 2.1.0
      sort-keys: 4.2.0
      strip-bom: 4.0.0
    dev: true

  /@pnpm/self-installer/2.2.1:
    resolution: {integrity: sha512-aefLe96wAWghkx6q1PwbVS1Iz1iGE+HKwkTmtzWLFXeGhbknaIdG2voMwaBGIYGCSxm8sDKR1uLO4aRRAYuc+Q==, tarball: https://nexus.core.cvent.org/nexus/repository/npm-public/@pnpm/self-installer/-/self-installer-2.2.1.tgz}
    engines: {node: '>=4'}
    hasBin: true
    dev: true

  /@pnpm/types/7.1.0:
    resolution: {integrity: sha512-fWGh43uIJd9uJ8ZO8J0z391Judx+UCM5Em6LUaCjxzAu4qYu1mv56jlyyEHnI9cHt9q052A4fpqvD/y3cI46pQ==, tarball: https://nexus.core.cvent.org/nexus/repository/npm-public/@pnpm/types/-/types-7.1.0.tgz}
    engines: {node: '>=12.17'}
    dev: true

  /@pnpm/write-project-manifest/2.0.1:
    resolution: {integrity: sha512-mg6EkOhRn6gFYMHn2WuVGD7Q4z00KnuECsLCBAwWcTKL1ZYXLKj8u717JOXgTVspZfvrPaBziANFGaZtQ0n2UQ==, tarball: https://nexus.core.cvent.org/nexus/repository/npm-public/@pnpm/write-project-manifest/-/write-project-manifest-2.0.1.tgz}
    engines: {node: '>=12.17'}
    dependencies:
      '@pnpm/types': 7.1.0
      json5: 2.2.0
      write-file-atomic: 3.0.3
      write-yaml-file: 4.2.0
    dev: true

  /@zkochan/js-yaml/0.0.4:
    resolution: {integrity: sha512-2QAnTstlkKBF9fjjDE9geNQKCBIGqXsm+aZrbsbH0tXgj5k2eE0gDFZK1kx2KBRk+XvivuzypRupdGyP2xSliQ==, tarball: https://nexus.core.cvent.org/nexus/repository/npm-public/@zkochan/js-yaml/-/js-yaml-0.0.4.tgz}
    hasBin: true
    dependencies:
      argparse: 2.0.1
    dev: true

  /@zkochan/rimraf/2.1.1:
    resolution: {integrity: sha512-TgiZpFi4XSvS8wY2/JzoJQYqgpOeBfVMPLC93cRXjbqYSXr1PGyQagS1Wyztuq1uMA1Cqd+EYLa5HESrJwH0Kw==, tarball: https://nexus.core.cvent.org/nexus/repository/npm-public/@zkochan/rimraf/-/rimraf-2.1.1.tgz}
    engines: {node: '>=12.10'}
    dev: true

  /ansi-styles/3.2.1:
    resolution: {integrity: sha512-VT0ZI6kZRdTh8YyJw3SMbYm/u+NqfsAxEpWO0Pf9sq8/e94WxxOpPKx9FR1FlyCtOVDNOQ+8ntlqFxiRc+r5qA==, tarball: https://nexus.core.cvent.org/nexus/repository/npm-public/ansi-styles/-/ansi-styles-3.2.1.tgz}
    engines: {node: '>=4'}
    dependencies:
      color-convert: 1.9.3
    dev: true

  /argparse/2.0.1:
    resolution: {integrity: sha512-8+9WqebbFzpX9OR+Wa6O29asIogeRMzcGtAINdpMHHyAg10f05aSFVBbcEqGf/PXw1EjAZ+q2/bEBg3DvurK3Q==, tarball: https://nexus.core.cvent.org/nexus/repository/npm-public/argparse/-/argparse-2.0.1.tgz}
    dev: true

  /bole/4.0.0:
    resolution: {integrity: sha512-Bk/2qoyOSlwU1dnDFk/oPM2FCNKAlYlBHfpAgwGX+K9HUtxSvmIAQCmMWMOvE6BlHHRCwsH1MxJe/r1ieodxqQ==, tarball: https://nexus.core.cvent.org/nexus/repository/npm-public/bole/-/bole-4.0.0.tgz}
    dependencies:
      fast-safe-stringify: 2.0.7
      individual: 3.0.0
    dev: true

  /chalk/2.4.2:
    resolution: {integrity: sha512-Mti+f9lpJNcwF4tWV8/OrTTtF1gZi+f8FqlyAdouralcFWFQWF2+NgCHShjkCb+IFBLq9buZwE1xckQU4peSuQ==, tarball: https://nexus.core.cvent.org/nexus/repository/npm-public/chalk/-/chalk-2.4.2.tgz}
    engines: {node: '>=4'}
    dependencies:
      ansi-styles: 3.2.1
      escape-string-regexp: 1.0.5
      supports-color: 5.5.0
    dev: true

  /color-convert/1.9.3:
    resolution: {integrity: sha512-QfAUtd+vFdAtFQcC8CCyYt1fYWxSqAiK2cSD6zDB8N3cpsEBAvRxp9zOGg6G/SHHJYAT88/az/IuDGALsNVbGg==, tarball: https://nexus.core.cvent.org/nexus/repository/npm-public/color-convert/-/color-convert-1.9.3.tgz}
    dependencies:
      color-name: 1.1.3
    dev: true

  /color-name/1.1.3:
    resolution: {integrity: sha1-p9BVi9icQveV3UIyj3QIMcpTvCU=, tarball: https://nexus.core.cvent.org/nexus/repository/npm-public/color-name/-/color-name-1.1.3.tgz}
    dev: true

  /command-exists/1.2.9:
    resolution: {integrity: sha512-LTQ/SGc+s0Xc0Fu5WaKnR0YiygZkm9eKFvyS+fRsU7/ZWFF8ykFM6Pc9aCVf1+xasOOZpO3BAVgVrKvsqKHV7w==, tarball: https://nexus.core.cvent.org/nexus/repository/npm-public/command-exists/-/command-exists-1.2.9.tgz}
    dev: true

  /comver-to-semver/1.0.0:
    resolution: {integrity: sha512-gcGtbRxjwROQOdXLUWH1fQAXqThUVRZ219aAwgtX3KfYw429/Zv6EIJRf5TBSzWdAGwePmqH7w70WTaX4MDqag==, tarball: https://nexus.core.cvent.org/nexus/repository/npm-public/comver-to-semver/-/comver-to-semver-1.0.0.tgz}
    engines: {node: '>=12.17'}
    dev: true

  /cross-spawn/7.0.3:
    resolution: {integrity: sha512-iRDPJKUPVEND7dHPO8rkbOnPpyDygcDFtWjpeWNCgy8WP2rXcxXL8TskReQl6OrB2G7+UJrags1q15Fudc7G6w==, tarball: https://nexus.core.cvent.org/nexus/repository/npm-public/cross-spawn/-/cross-spawn-7.0.3.tgz}
    engines: {node: '>= 8'}
    dependencies:
      path-key: 3.1.1
      shebang-command: 2.0.0
      which: 2.0.2
    dev: true

  /dependency-path/8.0.0:
    resolution: {integrity: sha512-p4pAxI+g+/NgvQ0QlOmElMFHTt77yMPFwawi/AJ+Y08hQ7zIVN3WQkyF2CZDI+RHNAwSN6GB8sAf6auJFf6oPA==, tarball: https://nexus.core.cvent.org/nexus/repository/npm-public/dependency-path/-/dependency-path-8.0.0.tgz}
    engines: {node: '>=12.17'}
    dependencies:
      '@pnpm/types': 7.1.0
      encode-registry: 3.0.0
      normalize-path: 3.0.0
      semver: 7.3.5
    dev: true

  /detect-indent/6.0.0:
    resolution: {integrity: sha512-oSyFlqaTHCItVRGK5RmrmjB+CmaMOW7IaNA/kdxqhoa6d17j/5ce9O9eWXmV/KEdRwqpQA+Vqe8a8Bsybu4YnA==, tarball: https://nexus.core.cvent.org/nexus/repository/npm-public/detect-indent/-/detect-indent-6.0.0.tgz}
    engines: {node: '>=8'}
    dev: true

  /encode-registry/3.0.0:
    resolution: {integrity: sha512-2fRYji8K6FwYuQ6EPBKR/J9mcqb7kIoNqt1vGvJr3NrvKfncRiNm00Oxo6gi/YJF8R5Sp2bNFSFdGKTG0rje1Q==, tarball: https://nexus.core.cvent.org/nexus/repository/npm-public/encode-registry/-/encode-registry-3.0.0.tgz}
    engines: {node: '>=10'}
    dependencies:
      mem: 8.1.1
    dev: true

  /error-ex/1.3.2:
    resolution: {integrity: sha512-7dFHNmqeFSEt2ZBsCriorKnn3Z2pj+fd9kmI6QoWw4//DL+icEBfc0U7qJCisqrTsKTjw4fNFy2pW9OqStD84g==, tarball: https://nexus.core.cvent.org/nexus/repository/npm-public/error-ex/-/error-ex-1.3.2.tgz}
    dependencies:
      is-arrayish: 0.2.1
    dev: true

  /escape-string-regexp/1.0.5:
    resolution: {integrity: sha1-G2HAViGQqN/2rjuyzwIAyhMLhtQ=, tarball: https://nexus.core.cvent.org/nexus/repository/npm-public/escape-string-regexp/-/escape-string-regexp-1.0.5.tgz}
    engines: {node: '>=0.8.0'}
    dev: true

  /fast-deep-equal/3.1.3:
    resolution: {integrity: sha512-f3qQ9oQy9j2AhBe/H9VC91wLmKBCCU/gDOnKNAYG5hswO7BLKj09Hc5HYNz9cGI++xlpDCIgDaitVs03ATR84Q==, tarball: https://nexus.core.cvent.org/nexus/repository/npm-public/fast-deep-equal/-/fast-deep-equal-3.1.3.tgz}
    dev: true

  /fast-safe-stringify/2.0.7:
    resolution: {integrity: sha512-Utm6CdzT+6xsDk2m8S6uL8VHxNwI6Jub+e9NYTcAms28T84pTa25GJQV9j0CY0N1rM8hK4x6grpF2BQf+2qwVA==, tarball: https://nexus.core.cvent.org/nexus/repository/npm-public/fast-safe-stringify/-/fast-safe-stringify-2.0.7.tgz}
    dev: true

  /find-up/5.0.0:
    resolution: {integrity: sha512-78/PXT1wlLLDgTzDs7sjq9hzz0vXD+zn+7wypEe4fXQxCmdmqfGsEPQxmiCSQI3ajFV91bVSsvNtrJRiW6nGng==, tarball: https://nexus.core.cvent.org/nexus/repository/npm-public/find-up/-/find-up-5.0.0.tgz}
    engines: {node: '>=10'}
    dependencies:
      locate-path: 6.0.0
      path-exists: 4.0.0
    dev: true

  /graceful-fs/4.2.6:
    resolution: {integrity: sha512-nTnJ528pbqxYanhpDYsi4Rd8MAeaBA67+RZ10CM1m3bTAVFEDcd5AuA4a6W5YkGZ1iNXHzZz8T6TBKLeBuNriQ==, tarball: https://nexus.core.cvent.org/nexus/repository/npm-public/graceful-fs/-/graceful-fs-4.2.6.tgz}
    dev: true

  /has-flag/3.0.0:
    resolution: {integrity: sha1-tdRU3CGZriJWmfNGfloH87lVuv0=, tarball: https://nexus.core.cvent.org/nexus/repository/npm-public/has-flag/-/has-flag-3.0.0.tgz}
    engines: {node: '>=4'}
    dev: true

  /imurmurhash/0.1.4:
    resolution: {integrity: sha1-khi5srkoojixPcT7a21XbyMUU+o=, tarball: https://nexus.core.cvent.org/nexus/repository/npm-public/imurmurhash/-/imurmurhash-0.1.4.tgz}
    engines: {node: '>=0.8.19'}
    dev: true

  /individual/3.0.0:
    resolution: {integrity: sha1-58pPhfiVewGHNPKFdQ3CLsL5hi0=, tarball: https://nexus.core.cvent.org/nexus/repository/npm-public/individual/-/individual-3.0.0.tgz}
    dev: true

  /inherits/2.0.4:
    resolution: {integrity: sha512-k/vGaX4/Yla3WzyMCvTQOXYeIHvqOKtnqBduzTHpzpQZzAskKMhZ2K+EnBiSM9zGSoIFeMpXKxa4dYeZIQqewQ==, tarball: https://nexus.core.cvent.org/nexus/repository/npm-public/inherits/-/inherits-2.0.4.tgz}
    dev: true

  /is-arrayish/0.2.1:
    resolution: {integrity: sha1-d8mYQFJ6qOyxqLppe4BkWnqSap0=, tarball: https://nexus.core.cvent.org/nexus/repository/npm-public/is-arrayish/-/is-arrayish-0.2.1.tgz}
    dev: true

  /is-plain-obj/2.1.0:
    resolution: {integrity: sha512-YWnfyRwxL/+SsrWYfOpUtz5b3YD+nyfkHvjbcanzk8zgyO4ASD67uVMRt8k5bM4lLMDnXfriRhOpemw+NfT1eA==, tarball: https://nexus.core.cvent.org/nexus/repository/npm-public/is-plain-obj/-/is-plain-obj-2.1.0.tgz}
    engines: {node: '>=8'}
    dev: true

  /is-typedarray/1.0.0:
    resolution: {integrity: sha1-5HnICFjfDBsR3dppQPlgEfzaSpo=, tarball: https://nexus.core.cvent.org/nexus/repository/npm-public/is-typedarray/-/is-typedarray-1.0.0.tgz}
    dev: true

  /is-windows/1.0.2:
    resolution: {integrity: sha512-eXK1UInq2bPmjyX6e3VHIzMLobc4J94i4AWn+Hpq3OU5KkrRC96OAcR3PRJ/pGu6m8TRnBHP9dkXQVsT/COVIA==, tarball: https://nexus.core.cvent.org/nexus/repository/npm-public/is-windows/-/is-windows-1.0.2.tgz}
    engines: {node: '>=0.10.0'}
    dev: true

  /isexe/2.0.0:
    resolution: {integrity: sha1-6PvzdNxVb/iUehDcsFctYz8s+hA=, tarball: https://nexus.core.cvent.org/nexus/repository/npm-public/isexe/-/isexe-2.0.0.tgz}
    dev: true

  /js-tokens/4.0.0:
    resolution: {integrity: sha512-RdJUflcE3cUzKiMqQgsCu06FPu9UdIJO0beYbPhHN4k6apgJtifcoCtT9bcxOpYBtpD2kCM6Sbzg4CausW/PKQ==, tarball: https://nexus.core.cvent.org/nexus/repository/npm-public/js-tokens/-/js-tokens-4.0.0.tgz}

  /js-yaml/4.1.0:
    resolution: {integrity: sha512-wpxZs9NoxZaJESJGIZTyDEaYpl0FKSA+FB9aJiyemKhMwkxQg63h4T1KJgUGHpTqPDNRcmmYLugrRjJlBtWvRA==, tarball: https://nexus.core.cvent.org/nexus/repository/npm-public/js-yaml/-/js-yaml-4.1.0.tgz}
    hasBin: true
    dependencies:
      argparse: 2.0.1
    dev: true

  /json-parse-even-better-errors/2.3.1:
    resolution: {integrity: sha512-xyFwyhro/JEof6Ghe2iz2NcXoj2sloNsWr/XsERDK/oiPCfaNhl5ONfp+jQdAZRQQ0IJWNzH9zIZF7li91kh2w==, tarball: https://nexus.core.cvent.org/nexus/repository/npm-public/json-parse-even-better-errors/-/json-parse-even-better-errors-2.3.1.tgz}
    dev: true

  /json-stringify-safe/5.0.1:
    resolution: {integrity: sha1-Epai1Y/UXxmg9s4B1lcB4sc1tus=, tarball: https://nexus.core.cvent.org/nexus/repository/npm-public/json-stringify-safe/-/json-stringify-safe-5.0.1.tgz}
    dev: true

  /json5/2.2.0:
    resolution: {integrity: sha512-f+8cldu7X/y7RAJurMEJmdoKXGB/X550w2Nr3tTbezL6RwEE/iMcm+tZnXeoZtKuOq6ft8+CqzEkrIgx1fPoQA==, tarball: https://nexus.core.cvent.org/nexus/repository/npm-public/json5/-/json5-2.2.0.tgz}
    engines: {node: '>=6'}
    hasBin: true
    dependencies:
      minimist: 1.2.5
    dev: true

  /lines-and-columns/1.1.6:
    resolution: {integrity: sha1-HADHQ7QzzQpOgHWPe2SldEDZ/wA=, tarball: https://nexus.core.cvent.org/nexus/repository/npm-public/lines-and-columns/-/lines-and-columns-1.1.6.tgz}
    dev: true

  /locate-path/6.0.0:
    resolution: {integrity: sha512-iPZK6eYjbxRu3uB4/WZ3EsEIMJFMqAoopl3R+zuq0UjcAm/MO6KCweDgPfP3elTztoKP3KtnVHxTn2NHBSDVUw==, tarball: https://nexus.core.cvent.org/nexus/repository/npm-public/locate-path/-/locate-path-6.0.0.tgz}
    engines: {node: '>=10'}
    dependencies:
      p-locate: 5.0.0
    dev: true

  /loose-envify/1.4.0:
    resolution: {integrity: sha512-lyuxPGr/Wfhrlem2CL/UcnUc1zcqKAImBDzukY7Y5F/yQiNdko6+fRLevlw1HgMySw7f611UIY408EtxRSoK3Q==, tarball: https://nexus.core.cvent.org/nexus/repository/npm-public/loose-envify/-/loose-envify-1.4.0.tgz}
    hasBin: true
    dependencies:
      js-tokens: 4.0.0
    dev: false

  /lru-cache/6.0.0:
    resolution: {integrity: sha512-Jo6dJ04CmSjuznwJSS3pUeWmd/H0ffTlkXXgwZi+eq1UCmqQwCh+eLsYOYCwY991i2Fah4h1BEMCx4qThGbsiA==, tarball: https://nexus.core.cvent.org/nexus/repository/npm-public/lru-cache/-/lru-cache-6.0.0.tgz}
    engines: {node: '>=10'}
    dependencies:
      yallist: 4.0.0
    dev: true

  /map-age-cleaner/0.1.3:
    resolution: {integrity: sha512-bJzx6nMoP6PDLPBFmg7+xRKeFZvFboMrGlxmNj9ClvX53KrmvM5bXFXEWjbz4cz1AFn+jWJ9z/DJSz7hrs0w3w==, tarball: https://nexus.core.cvent.org/nexus/repository/npm-public/map-age-cleaner/-/map-age-cleaner-0.1.3.tgz}
    engines: {node: '>=6'}
    dependencies:
      p-defer: 1.0.0
    dev: true

  /mem/8.1.1:
    resolution: {integrity: sha512-qFCFUDs7U3b8mBDPyz5EToEKoAkgCzqquIgi9nkkR9bixxOVOre+09lbuH7+9Kn2NFpm56M3GUWVbU2hQgdACA==, tarball: https://nexus.core.cvent.org/nexus/repository/npm-public/mem/-/mem-8.1.1.tgz}
    engines: {node: '>=10'}
    dependencies:
      map-age-cleaner: 0.1.3
      mimic-fn: 3.1.0
    dev: true

  /mimic-fn/3.1.0:
    resolution: {integrity: sha512-Ysbi9uYW9hFyfrThdDEQuykN4Ey6BuwPD2kpI5ES/nFTDn/98yxYNLZJcgUAKPT/mcrLLKaGzJR9YVxJrIdASQ==, tarball: https://nexus.core.cvent.org/nexus/repository/npm-public/mimic-fn/-/mimic-fn-3.1.0.tgz}
    engines: {node: '>=8'}
    dev: true

  /minimist/1.2.5:
    resolution: {integrity: sha512-FM9nNUYrRBAELZQT3xeZQ7fmMOBg6nWNmJKTcgsJeaLstP/UODVpGsr5OhXhhXg6f+qtJ8uiZ+PUxkDWcgIXLw==, tarball: https://nexus.core.cvent.org/nexus/repository/npm-public/minimist/-/minimist-1.2.5.tgz}
    dev: true

  /ndjson/2.0.0:
    resolution: {integrity: sha512-nGl7LRGrzugTtaFcJMhLbpzJM6XdivmbkdlaGcrk/LXg2KL/YBC6z1g70xh0/al+oFuVFP8N8kiWRucmeEH/qQ==, tarball: https://nexus.core.cvent.org/nexus/repository/npm-public/ndjson/-/ndjson-2.0.0.tgz}
    engines: {node: '>=10'}
    hasBin: true
    dependencies:
      json-stringify-safe: 5.0.1
      minimist: 1.2.5
      readable-stream: 3.6.0
      split2: 3.2.2
      through2: 4.0.2
    dev: true

  /normalize-path/3.0.0:
    resolution: {integrity: sha512-6eZs5Ls3WtCisHWp9S2GUy8dqkpGi4BVSz3GaqiE6ezub0512ESztXUwUB6C6IKbQkY2Pnb/mD4WYojCRwcwLA==, tarball: https://nexus.core.cvent.org/nexus/repository/npm-public/normalize-path/-/normalize-path-3.0.0.tgz}
    engines: {node: '>=0.10.0'}
    dev: true

  /object-assign/4.1.1:
    resolution: {integrity: sha1-IQmtx5ZYh8/AXLvUQsrIv7s2CGM=, tarball: https://nexus.core.cvent.org/nexus/repository/npm-public/object-assign/-/object-assign-4.1.1.tgz}
    engines: {node: '>=0.10.0'}
    dev: false

  /p-defer/1.0.0:
    resolution: {integrity: sha1-n26xgvbJqozXQwBKfU+WsZaw+ww=, tarball: https://nexus.core.cvent.org/nexus/repository/npm-public/p-defer/-/p-defer-1.0.0.tgz}
    engines: {node: '>=4'}
    dev: true

  /p-limit/3.1.0:
    resolution: {integrity: sha512-TYOanM3wGwNGsZN2cVTYPArw454xnXj5qmWF1bEoAc4+cU/ol7GVh7odevjp1FNHduHc3KZMcFduxU5Xc6uJRQ==, tarball: https://nexus.core.cvent.org/nexus/repository/npm-public/p-limit/-/p-limit-3.1.0.tgz}
    engines: {node: '>=10'}
    dependencies:
      yocto-queue: 0.1.0
    dev: true

  /p-locate/5.0.0:
    resolution: {integrity: sha512-LaNjtRWUBY++zB5nE/NwcaoMylSPk+S+ZHNB1TzdbMJMny6dynpAGt7X/tl/QYq3TIeE6nxHppbo2LGymrG5Pw==, tarball: https://nexus.core.cvent.org/nexus/repository/npm-public/p-locate/-/p-locate-5.0.0.tgz}
    engines: {node: '>=10'}
    dependencies:
      p-limit: 3.1.0
    dev: true

  /parse-json/5.2.0:
    resolution: {integrity: sha512-ayCKvm/phCGxOkYRSCM82iDwct8/EonSEgCSxWxD7ve6jHggsFl4fZVQBPRNgQoKiuV/odhFrGzQXZwbifC8Rg==, tarball: https://nexus.core.cvent.org/nexus/repository/npm-public/parse-json/-/parse-json-5.2.0.tgz}
    engines: {node: '>=8'}
    dependencies:
      '@babel/code-frame': 7.12.13
      error-ex: 1.3.2
      json-parse-even-better-errors: 2.3.1
      lines-and-columns: 1.1.6
    dev: true

  /path-exists/4.0.0:
    resolution: {integrity: sha512-ak9Qy5Q7jYb2Wwcey5Fpvg2KoAc/ZIhLSLOSBmRmygPsGwkVVt0fZa0qrtMz+m6tJTAHfZQ8FnmB4MG4LWy7/w==, tarball: https://nexus.core.cvent.org/nexus/repository/npm-public/path-exists/-/path-exists-4.0.0.tgz}
    engines: {node: '>=8'}
    dev: true

  /path-key/3.1.1:
    resolution: {integrity: sha512-ojmeN0qd+y0jszEtoY48r0Peq5dwMEkIlCOu6Q5f41lfkswXuKtYrhgoTpLnyIcHm24Uhqx+5Tqm2InSwLhE6Q==, tarball: https://nexus.core.cvent.org/nexus/repository/npm-public/path-key/-/path-key-3.1.1.tgz}
    engines: {node: '>=8'}
    dev: true

  /ramda/0.27.1:
    resolution: {integrity: sha512-PgIdVpn5y5Yns8vqb8FzBUEYn98V3xcPgawAkkgj0YJ0qDsnHCiNmZYfOGMgOvoB0eWFLpYbhxUR3mxfDIMvpw==, tarball: https://nexus.core.cvent.org/nexus/repository/npm-public/ramda/-/ramda-0.27.1.tgz}
    dev: true

  /react/17.0.2:
    resolution: {integrity: sha512-gnhPt75i/dq/z3/6q/0asP78D0u592D5L1pd7M8P+dck6Fu/jJeL6iVVK23fptSUZj8Vjf++7wXA8UNclGQcbA==, tarball: https://nexus.core.cvent.org/nexus/repository/npm-public/react/-/react-17.0.2.tgz}
    engines: {node: '>=0.10.0'}
    dependencies:
      loose-envify: 1.4.0
      object-assign: 4.1.1
    dev: false

  /read-yaml-file/2.1.0:
    resolution: {integrity: sha512-UkRNRIwnhG+y7hpqnycCL/xbTk7+ia9VuVTC0S+zVbwd65DI9eUpRMfsWIGrCWxTU/mi+JW8cHQCrv+zfCbEPQ==, tarball: https://nexus.core.cvent.org/nexus/repository/npm-public/read-yaml-file/-/read-yaml-file-2.1.0.tgz}
    engines: {node: '>=10.13'}
    dependencies:
      js-yaml: 4.1.0
      strip-bom: 4.0.0
    dev: true

  /readable-stream/3.6.0:
    resolution: {integrity: sha512-BViHy7LKeTz4oNnkcLJ+lVSL6vpiFeX6/d3oSH8zCW7UxP2onchk+vTGB143xuFjHS3deTgkKoXXymXqymiIdA==, tarball: https://nexus.core.cvent.org/nexus/repository/npm-public/readable-stream/-/readable-stream-3.6.0.tgz}
    engines: {node: '>= 6'}
    dependencies:
      inherits: 2.0.4
      string_decoder: 1.3.0
      util-deprecate: 1.0.2
    dev: true

  /rename-overwrite/4.0.0:
    resolution: {integrity: sha512-GZxPjarpxu2DGD6xHE8L4GdJhWz2+2i2x6N1I7VEof2p5M/x/LDNxNXA547k8xOpPmHnijXBE1ofmj7NDGP20g==, tarball: https://nexus.core.cvent.org/nexus/repository/npm-public/rename-overwrite/-/rename-overwrite-4.0.0.tgz}
    engines: {node: '>=12.10'}
    dependencies:
      '@zkochan/rimraf': 2.1.1
    dev: true

  /safe-buffer/5.2.1:
    resolution: {integrity: sha512-rp3So07KcdmmKbGvgaNxQSJr7bGVSVk5S9Eq1F+ppbRo70+YeaDxkw5Dd8NPN+GD6bjnYm2VuPuCXmpuYvmCXQ==, tarball: https://nexus.core.cvent.org/nexus/repository/npm-public/safe-buffer/-/safe-buffer-5.2.1.tgz}
    dev: true

  /semver/7.3.5:
    resolution: {integrity: sha512-PoeGJYh8HK4BTO/a9Tf6ZG3veo/A7ZVsYrSA6J8ny9nb3B1VrpkuN+z9OE5wfE5p6H4LchYZsegiQgbJD94ZFQ==, tarball: https://nexus.core.cvent.org/nexus/repository/npm-public/semver/-/semver-7.3.5.tgz}
    engines: {node: '>=10'}
    hasBin: true
    dependencies:
      lru-cache: 6.0.0
    dev: true

  /shebang-command/2.0.0:
    resolution: {integrity: sha512-kHxr2zZpYtdmrN1qDjrrX/Z1rR1kG8Dx+gkpK1G4eXmvXswmcE1hTWBWYUzlraYw1/yZp6YuDY77YtvbN0dmDA==, tarball: https://nexus.core.cvent.org/nexus/repository/npm-public/shebang-command/-/shebang-command-2.0.0.tgz}
    engines: {node: '>=8'}
    dependencies:
      shebang-regex: 3.0.0
    dev: true

  /shebang-regex/3.0.0:
    resolution: {integrity: sha512-7++dFhtcx3353uBaq8DDR4NuxBetBzC7ZQOhmTQInHEd6bSrXdiEyzCvG07Z44UYdLShWUyXt5M/yhz8ekcb1A==, tarball: https://nexus.core.cvent.org/nexus/repository/npm-public/shebang-regex/-/shebang-regex-3.0.0.tgz}
    engines: {node: '>=8'}
    dev: true

  /signal-exit/3.0.3:
    resolution: {integrity: sha512-VUJ49FC8U1OxwZLxIbTTrDvLnf/6TDgxZcK8wxR8zs13xpx7xbG60ndBlhNrFi2EMuFRoeDoJO7wthSLq42EjA==, tarball: https://nexus.core.cvent.org/nexus/repository/npm-public/signal-exit/-/signal-exit-3.0.3.tgz}
    dev: true

  /sort-keys/4.2.0:
    resolution: {integrity: sha512-aUYIEU/UviqPgc8mHR6IW1EGxkAXpeRETYcrzg8cLAvUPZcpAlleSXHV2mY7G12GphSH6Gzv+4MMVSSkbdteHg==, tarball: https://nexus.core.cvent.org/nexus/repository/npm-public/sort-keys/-/sort-keys-4.2.0.tgz}
    engines: {node: '>=8'}
    dependencies:
      is-plain-obj: 2.1.0
    dev: true

  /split2/3.2.2:
    resolution: {integrity: sha512-9NThjpgZnifTkJpzTZ7Eue85S49QwpNhZTq6GRJwObb6jnLFNGB7Qm73V5HewTROPyxD0C29xqmaI68bQtV+hg==, tarball: https://nexus.core.cvent.org/nexus/repository/npm-public/split2/-/split2-3.2.2.tgz}
    dependencies:
      readable-stream: 3.6.0
    dev: true

  /string_decoder/1.3.0:
    resolution: {integrity: sha512-hkRX8U1WjJFd8LsDJ2yQ/wWWxaopEsABU1XfkM8A+j0+85JAGppt16cr1Whg6KIbb4okU6Mql6BOj+uup/wKeA==, tarball: https://nexus.core.cvent.org/nexus/repository/npm-public/string_decoder/-/string_decoder-1.3.0.tgz}
    dependencies:
      safe-buffer: 5.2.1
    dev: true

  /strip-bom/4.0.0:
    resolution: {integrity: sha512-3xurFv5tEgii33Zi8Jtp55wEIILR9eh34FAW00PZf+JnSsTmV/ioewSgQl97JHvgjoRGwPShsWm+IdrxB35d0w==, tarball: https://nexus.core.cvent.org/nexus/repository/npm-public/strip-bom/-/strip-bom-4.0.0.tgz}
    engines: {node: '>=8'}
    dev: true

  /supports-color/5.5.0:
    resolution: {integrity: sha512-QjVjwdXIt408MIiAqCX4oUKsgU2EqAGzs2Ppkm4aQYbjm+ZEWEcW4SfFNTr4uMNZma0ey4f5lgLrkB0aX0QMow==, tarball: https://nexus.core.cvent.org/nexus/repository/npm-public/supports-color/-/supports-color-5.5.0.tgz}
    engines: {node: '>=4'}
    dependencies:
      has-flag: 3.0.0
    dev: true

  /through2/4.0.2:
    resolution: {integrity: sha512-iOqSav00cVxEEICeD7TjLB1sueEL+81Wpzp2bY17uZjZN0pWZPuo4suZ/61VujxmqSGFfgOcNuTZ85QJwNZQpw==, tarball: https://nexus.core.cvent.org/nexus/repository/npm-public/through2/-/through2-4.0.2.tgz}
    dependencies:
      readable-stream: 3.6.0
    dev: true

  /typedarray-to-buffer/3.1.5:
    resolution: {integrity: sha512-zdu8XMNEDepKKR+XYOXAVPtWui0ly0NtohUscw+UmaHiAWT8hrV1rr//H6V+0DvJ3OQ19S979M0laLfX8rm82Q==, tarball: https://nexus.core.cvent.org/nexus/repository/npm-public/typedarray-to-buffer/-/typedarray-to-buffer-3.1.5.tgz}
    dependencies:
      is-typedarray: 1.0.0
    dev: true

  /util-deprecate/1.0.2:
    resolution: {integrity: sha1-RQ1Nyfpw3nMnYvvS1KKJgUGaDM8=, tarball: https://nexus.core.cvent.org/nexus/repository/npm-public/util-deprecate/-/util-deprecate-1.0.2.tgz}
    dev: true

  /which/2.0.2:
    resolution: {integrity: sha512-BLI3Tl1TW3Pvl70l3yq3Y64i+awpwXqsGBYWkkqMtnbXgrMD+yj7rhW0kuEDxzJaYXGjEW5ogapKNMEKNMjibA==, tarball: https://nexus.core.cvent.org/nexus/repository/npm-public/which/-/which-2.0.2.tgz}
    engines: {node: '>= 8'}
    hasBin: true
    dependencies:
      isexe: 2.0.0
    dev: true

  /write-file-atomic/3.0.3:
    resolution: {integrity: sha512-AvHcyZ5JnSfq3ioSyjrBkH9yW4m7Ayk8/9My/DD9onKeu/94fwrMocemO2QAJFAlnnDN+ZDS+ZjAR5ua1/PV/Q==, tarball: https://nexus.core.cvent.org/nexus/repository/npm-public/write-file-atomic/-/write-file-atomic-3.0.3.tgz}
    dependencies:
      imurmurhash: 0.1.4
      is-typedarray: 1.0.0
      signal-exit: 3.0.3
      typedarray-to-buffer: 3.1.5
    dev: true

  /write-yaml-file/4.2.0:
    resolution: {integrity: sha512-LwyucHy0uhWqbrOkh9cBluZBeNVxzHjDaE9mwepZG3n3ZlbM4v3ndrFw51zW/NXYFFqP+QWZ72ihtLWTh05e4Q==, tarball: https://nexus.core.cvent.org/nexus/repository/npm-public/write-yaml-file/-/write-yaml-file-4.2.0.tgz}
    engines: {node: '>=10.13'}
    dependencies:
      js-yaml: 4.1.0
      write-file-atomic: 3.0.3
    dev: true

  /yallist/4.0.0:
    resolution: {integrity: sha512-3wdGidZyq5PB084XLES5TpOSRA3wjXAlIWMhum2kRcv/41Sn2emQ0dycQW4uZXLejwKvg6EsvbdlVL+FYEct7A==, tarball: https://nexus.core.cvent.org/nexus/repository/npm-public/yallist/-/yallist-4.0.0.tgz}
    dev: true

  /yocto-queue/0.1.0:
    resolution: {integrity: sha512-rVksvsnNCdJ/ohGc6xgPwyN8eheCxsiLM8mxuE/t/mOVqJewPuO1miLpTHQiRgTKCLexL4MeAFVagts7HmNZ2Q==, tarball: https://nexus.core.cvent.org/nexus/repository/npm-public/yocto-queue/-/yocto-queue-0.1.0.tgz}
    engines: {node: '>=10'}
    dev: true
